
Microsoft Visual Studio Solution File, Format Version 12.00
# Visual Studio 15
VisualStudioVersion = 15.0.26730.3
MinimumVisualStudioVersion = 10.0.40219.1
Project("{FAE04EC0-301F-11D3-BF4B-00C04F79EFBC}") = "HelloGit1", "HelloGit1\HelloGit1.csproj", "{7BE39F9E-4B37-4715-9C00-AAD585746857}"
EndProject
Global
	GlobalSection(SolutionConfigurationPlatforms) = preSolution
		Debug|Any CPU = Debug|Any CPU
		Release|Any CPU = Release|Any CPU
	EndGlobalSection
	GlobalSection(ProjectConfigurationPlatforms) = postSolution
		{7BE39F9E-4B37-4715-9C00-AAD585746857}.Debug|Any CPU.ActiveCfg = Debug|Any CPU
		{7BE39F9E-4B37-4715-9C00-AAD585746857}.Debug|Any CPU.Build.0 = Debug|Any CPU
		{7BE39F9E-4B37-4715-9C00-AAD585746857}.Release|Any CPU.ActiveCfg = Release|Any CPU
		{7BE39F9E-4B37-4715-9C00-AAD585746857}.Release|Any CPU.Build.0 = Release|Any CPU
	EndGlobalSection
	GlobalSection(SolutionProperties) = preSolution
		HideSolutionNode = FALSE
	EndGlobalSection
	GlobalSection(ExtensibilityGlobals) = postSolution
		SolutionGuid = {159ECE26-94EA-4B04-8476-DA71C2668F37}
	EndGlobalSection
EndGlobal
